
Microsoft Visual Studio Solution File, Format Version 12.00
# Visual Studio Version 16
VisualStudioVersion = 16.0.30225.117
MinimumVisualStudioVersion = 10.0.40219.1
Project("{FAE04EC0-301F-11D3-BF4B-00C04F79EFBC}") = "RN_ASP_Server", "RN_ASP_Server\RN_ASP_Server.csproj", "{C22B1EA4-A121-4A2B-924F-690395CBBBF2}"
EndProject
Global
	GlobalSection(SolutionConfigurationPlatforms) = preSolution
		Debug|Any CPU = Debug|Any CPU
		Release|Any CPU = Release|Any CPU
	EndGlobalSection
	GlobalSection(ProjectConfigurationPlatforms) = postSolution
		{C22B1EA4-A121-4A2B-924F-690395CBBBF2}.Debug|Any CPU.ActiveCfg = Debug|Any CPU
		{C22B1EA4-A121-4A2B-924F-690395CBBBF2}.Debug|Any CPU.Build.0 = Debug|Any CPU
		{C22B1EA4-A121-4A2B-924F-690395CBBBF2}.Release|Any CPU.ActiveCfg = Release|Any CPU
		{C22B1EA4-A121-4A2B-924F-690395CBBBF2}.Release|Any CPU.Build.0 = Release|Any CPU
	EndGlobalSection
	GlobalSection(SolutionProperties) = preSolution
		HideSolutionNode = FALSE
	EndGlobalSection
	GlobalSection(ExtensibilityGlobals) = postSolution
		SolutionGuid = {2FD8CD33-3E11-447C-96FB-A2AE4DAB3F80}
	EndGlobalSection
EndGlobal
